// !$*UTF8*$!
{
	archiveVersion = 1;
	classes = {
	};
	objectVersion = 46;
	objects = {

/* Begin PBXBuildFile section */
		731E08BF1D51999A0061A21F /* main.m in Sources */ = {isa = PBXBuildFile; fileRef = 731E08BE1D51999A0061A21F /* main.m */; };
		731E08C21D51999A0061A21F /* AppDelegate.m in Sources */ = {isa = PBXBuildFile; fileRef = 731E08C11D51999A0061A21F /* AppDelegate.m */; };
		731E08C51D51999A0061A21F /* ViewController.m in Sources */ = {isa = PBXBuildFile; fileRef = 731E08C41D51999A0061A21F /* ViewController.m */; };
		731E08C81D51999A0061A21F /* Main.storyboard in Resources */ = {isa = PBXBuildFile; fileRef = 731E08C61D51999A0061A21F /* Main.storyboard */; };
		731E08CA1D51999A0061A21F /* Assets.xcassets in Resources */ = {isa = PBXBuildFile; fileRef = 731E08C91D51999A0061A21F /* Assets.xcassets */; };
		731E08CD1D51999A0061A21F /* LaunchScreen.storyboard in Resources */ = {isa = PBXBuildFile; fileRef = 731E08CB1D51999A0061A21F /* LaunchScreen.storyboard */; };
		731E08D81D51999A0061A21F /* _______Tests.m in Sources */ = {isa = PBXBuildFile; fileRef = 731E08D71D51999A0061A21F /* _______Tests.m */; };
		731E08E31D51999A0061A21F /* _______UITests.m in Sources */ = {isa = PBXBuildFile; fileRef = 731E08E21D51999A0061A21F /* _______UITests.m */; };
		731E08F21D5199C60061A21F /* pushViewController.m in Sources */ = {isa = PBXBuildFile; fileRef = 731E08F11D5199C60061A21F /* pushViewController.m */; };
		731E08FE1D51BDD60061A21F /* LiuqsAnimationTransition.m in Sources */ = {isa = PBXBuildFile; fileRef = 731E08FD1D51BDD60061A21F /* LiuqsAnimationTransition.m */; };
		731E09011D51C6030061A21F /* LiuqsAnimationPopTransition.m in Sources */ = {isa = PBXBuildFile; fileRef = 731E09001D51C6030061A21F /* LiuqsAnimationPopTransition.m */; };
		731E09031D51C8570061A21F /* 8.JPG in Resources */ = {isa = PBXBuildFile; fileRef = 731E09021D51C8570061A21F /* 8.JPG */; };
		731E09051D51C85F0061A21F /* 4.JPG in Resources */ = {isa = PBXBuildFile; fileRef = 731E09041D51C85F0061A21F /* 4.JPG */; };
/* End PBXBuildFile section */

/* Begin PBXContainerItemProxy section */
		731E08D41D51999A0061A21F /* PBXContainerItemProxy */ = {
			isa = PBXContainerItemProxy;
			containerPortal = 731E08B21D51999A0061A21F /* Project object */;
			proxyType = 1;
			remoteGlobalIDString = 731E08B91D51999A0061A21F;
			remoteInfo = "自定义转场动画";
		};
		731E08DF1D51999A0061A21F /* PBXContainerItemProxy */ = {
			isa = PBXContainerItemProxy;
			containerPortal = 731E08B21D51999A0061A21F /* Project object */;
			proxyType = 1;
			remoteGlobalIDString = 731E08B91D51999A0061A21F;
			remoteInfo = "自定义转场动画";
		};
/* End PBXContainerItemProxy section */

/* Begin PBXFileReference section */
		731E08BA1D51999A0061A21F /* 自定义转场动画.app */ = {isa = PBXFileReference; explicitFileType = wrapper.application; includeInIndex = 0; path = "自定义转场动画.app"; sourceTree = BUILT_PRODUCTS_DIR; };
		731E08BE1D51999A0061A21F /* main.m */ = {isa = PBXFileReference; lastKnownFileType = sourcecode.c.objc; path = main.m; sourceTree = "<group>"; };
		731E08C01D51999A0061A21F /* AppDelegate.h */ = {isa = PBXFileReference; lastKnownFileType = sourcecode.c.h; path = AppDelegate.h; sourceTree = "<group>"; };
		731E08C11D51999A0061A21F /* AppDelegate.m */ = {isa = PBXFileReference; lastKnownFileType = sourcecode.c.objc; path = AppDelegate.m; sourceTree = "<group>"; };
		731E08C31D51999A0061A21F /* ViewController.h */ = {isa = PBXFileReference; lastKnownFileType = sourcecode.c.h; path = ViewController.h; sourceTree = "<group>"; };
		731E08C41D51999A0061A21F /* ViewController.m */ = {isa = PBXFileReference; lastKnownFileType = sourcecode.c.objc; path = ViewController.m; sourceTree = "<group>"; };
		731E08C71D51999A0061A21F /* Base */ = {isa = PBXFileReference; lastKnownFileType = file.storyboard; name = Base; path = Base.lproj/Main.storyboard; sourceTree = "<group>"; };
		731E08C91D51999A0061A21F /* Assets.xcassets */ = {isa = PBXFileReference; lastKnownFileType = folder.assetcatalog; path = Assets.xcassets; sourceTree = "<group>"; };
		731E08CC1D51999A0061A21F /* Base */ = {isa = PBXFileReference; lastKnownFileType = file.storyboard; name = Base; path = Base.lproj/LaunchScreen.storyboard; sourceTree = "<group>"; };
		731E08CE1D51999A0061A21F /* Info.plist */ = {isa = PBXFileReference; lastKnownFileType = text.plist.xml; path = Info.plist; sourceTree = "<group>"; };
		731E08D31D51999A0061A21F /* 自定义转场动画Tests.xctest */ = {isa = PBXFileReference; explicitFileType = wrapper.cfbundle; includeInIndex = 0; path = "自定义转场动画Tests.xctest"; sourceTree = BUILT_PRODUCTS_DIR; };
		731E08D71D51999A0061A21F /* _______Tests.m */ = {isa = PBXFileReference; lastKnownFileType = sourcecode.c.objc; path = "_______Tests.m"; sourceTree = "<group>"; };
		731E08D91D51999A0061A21F /* Info.plist */ = {isa = PBXFileReference; lastKnownFileType = text.plist.xml; path = Info.plist; sourceTree = "<group>"; };
		731E08DE1D51999A0061A21F /* 自定义转场动画UITests.xctest */ = {isa = PBXFileReference; explicitFileType = wrapper.cfbundle; includeInIndex = 0; path = "自定义转场动画UITests.xctest"; sourceTree = BUILT_PRODUCTS_DIR; };
		731E08E21D51999A0061A21F /* _______UITests.m */ = {isa = PBXFileReference; lastKnownFileType = sourcecode.c.objc; path = "_______UITests.m"; sourceTree = "<group>"; };
		731E08E41D51999A0061A21F /* Info.plist */ = {isa = PBXFileReference; lastKnownFileType = text.plist.xml; path = Info.plist; sourceTree = "<group>"; };
		731E08F01D5199C60061A21F /* pushViewController.h */ = {isa = PBXFileReference; fileEncoding = 4; lastKnownFileType = sourcecode.c.h; path = pushViewController.h; sourceTree = "<group>"; };
		731E08F11D5199C60061A21F /* pushViewController.m */ = {isa = PBXFileReference; fileEncoding = 4; lastKnownFileType = sourcecode.c.objc; path = pushViewController.m; sourceTree = "<group>"; };
		731E08FC1D51BDD60061A21F /* LiuqsAnimationTransition.h */ = {isa = PBXFileReference; fileEncoding = 4; lastKnownFileType = sourcecode.c.h; path = LiuqsAnimationTransition.h; sourceTree = "<group>"; };
		731E08FD1D51BDD60061A21F /* LiuqsAnimationTransition.m */ = {isa = PBXFileReference; fileEncoding = 4; lastKnownFileType = sourcecode.c.objc; path = LiuqsAnimationTransition.m; sourceTree = "<group>"; };
		731E08FF1D51C6030061A21F /* LiuqsAnimationPopTransition.h */ = {isa = PBXFileReference; fileEncoding = 4; lastKnownFileType = sourcecode.c.h; path = LiuqsAnimationPopTransition.h; sourceTree = "<group>"; };
		731E09001D51C6030061A21F /* LiuqsAnimationPopTransition.m */ = {isa = PBXFileReference; fileEncoding = 4; lastKnownFileType = sourcecode.c.objc; path = LiuqsAnimationPopTransition.m; sourceTree = "<group>"; };
		731E09021D51C8570061A21F /* 8.JPG */ = {isa = PBXFileReference; lastKnownFileType = image.jpeg; path = 8.JPG; sourceTree = "<group>"; };
		731E09041D51C85F0061A21F /* 4.JPG */ = {isa = PBXFileReference; lastKnownFileType = image.jpeg; path = 4.JPG; sourceTree = "<group>"; };
/* End PBXFileReference section */

/* Begin PBXFrameworksBuildPhase section */
		731E08B71D51999A0061A21F /* Frameworks */ = {
			isa = PBXFrameworksBuildPhase;
			buildActionMask = 2147483647;
			files = (
			);
			runOnlyForDeploymentPostprocessing = 0;
		};
		731E08D01D51999A0061A21F /* Frameworks */ = {
			isa = PBXFrameworksBuildPhase;
			buildActionMask = 2147483647;
			files = (
			);
			runOnlyForDeploymentPostprocessing = 0;
		};
		731E08DB1D51999A0061A21F /* Frameworks */ = {
			isa = PBXFrameworksBuildPhase;
			buildActionMask = 2147483647;
			files = (
			);
			runOnlyForDeploymentPostprocessing = 0;
		};
/* End PBXFrameworksBuildPhase section */

/* Begin PBXGroup section */
		731E08B11D51999A0061A21F = {
			isa = PBXGroup;
			children = (
				731E08BC1D51999A0061A21F /* 自定义转场动画 */,
				731E08D61D51999A0061A21F /* 自定义转场动画Tests */,
				731E08E11D51999A0061A21F /* 自定义转场动画UITests */,
				731E08BB1D51999A0061A21F /* Products */,
			);
			sourceTree = "<group>";
		};
		731E08BB1D51999A0061A21F /* Products */ = {
			isa = PBXGroup;
			children = (
				731E08BA1D51999A0061A21F /* 自定义转场动画.app */,
				731E08D31D51999A0061A21F /* 自定义转场动画Tests.xctest */,
				731E08DE1D51999A0061A21F /* 自定义转场动画UITests.xctest */,
			);
			name = Products;
			sourceTree = "<group>";
		};
		731E08BC1D51999A0061A21F /* 自定义转场动画 */ = {
			isa = PBXGroup;
			children = (
				731E09041D51C85F0061A21F /* 4.JPG */,
				731E09021D51C8570061A21F /* 8.JPG */,
				731E08FF1D51C6030061A21F /* LiuqsAnimationPopTransition.h */,
				731E09001D51C6030061A21F /* LiuqsAnimationPopTransition.m */,
				731E08FC1D51BDD60061A21F /* LiuqsAnimationTransition.h */,
				731E08FD1D51BDD60061A21F /* LiuqsAnimationTransition.m */,
				731E08C01D51999A0061A21F /* AppDelegate.h */,
				731E08C11D51999A0061A21F /* AppDelegate.m */,
				731E08C31D51999A0061A21F /* ViewController.h */,
				731E08C41D51999A0061A21F /* ViewController.m */,
				731E08F01D5199C60061A21F /* pushViewController.h */,
				731E08F11D5199C60061A21F /* pushViewController.m */,
				731E08C61D51999A0061A21F /* Main.storyboard */,
				731E08C91D51999A0061A21F /* Assets.xcassets */,
				731E08CB1D51999A0061A21F /* LaunchScreen.storyboard */,
				731E08CE1D51999A0061A21F /* Info.plist */,
				731E08BD1D51999A0061A21F /* Supporting Files */,
			);
			path = "自定义转场动画";
			sourceTree = "<group>";
		};
		731E08BD1D51999A0061A21F /* Supporting Files */ = {
			isa = PBXGroup;
			children = (
				731E08BE1D51999A0061A21F /* main.m */,
			);
			name = "Supporting Files";
			sourceTree = "<group>";
		};
		731E08D61D51999A0061A21F /* 自定义转场动画Tests */ = {
			isa = PBXGroup;
			children = (
				731E08D71D51999A0061A21F /* _______Tests.m */,
				731E08D91D51999A0061A21F /* Info.plist */,
			);
			path = "自定义转场动画Tests";
			sourceTree = "<group>";
		};
		731E08E11D51999A0061A21F /* 自定义转场动画UITests */ = {
			isa = PBXGroup;
			children = (
				731E08E21D51999A0061A21F /* _______UITests.m */,
				731E08E41D51999A0061A21F /* Info.plist */,
			);
			path = "自定义转场动画UITests";
			sourceTree = "<group>";
		};
/* End PBXGroup section */

/* Begin PBXNativeTarget section */
		731E08B91D51999A0061A21F /* 自定义转场动画 */ = {
			isa = PBXNativeTarget;
			buildConfigurationList = 731E08E71D51999A0061A21F /* Build configuration list for PBXNativeTarget "自定义转场动画" */;
			buildPhases = (
				731E08B61D51999A0061A21F /* Sources */,
				731E08B71D51999A0061A21F /* Frameworks */,
				731E08B81D51999A0061A21F /* Resources */,
			);
			buildRules = (
			);
			dependencies = (
			);
			name = "自定义转场动画";
			productName = "自定义转场动画";
			productReference = 731E08BA1D51999A0061A21F /* 自定义转场动画.app */;
			productType = "com.apple.product-type.application";
		};
		731E08D21D51999A0061A21F /* 自定义转场动画Tests */ = {
			isa = PBXNativeTarget;
			buildConfigurationList = 731E08EA1D51999A0061A21F /* Build configuration list for PBXNativeTarget "自定义转场动画Tests" */;
			buildPhases = (
				731E08CF1D51999A0061A21F /* Sources */,
				731E08D01D51999A0061A21F /* Frameworks */,
				731E08D11D51999A0061A21F /* Resources */,
			);
			buildRules = (
			);
			dependencies = (
				731E08D51D51999A0061A21F /* PBXTargetDependency */,
			);
			name = "自定义转场动画Tests";
			productName = "自定义转场动画Tests";
			productReference = 731E08D31D51999A0061A21F /* 自定义转场动画Tests.xctest */;
			productType = "com.apple.product-type.bundle.unit-test";
		};
		731E08DD1D51999A0061A21F /* 自定义转场动画UITests */ = {
			isa = PBXNativeTarget;
			buildConfigurationList = 731E08ED1D51999A0061A21F /* Build configuration list for PBXNativeTarget "自定义转场动画UITests" */;
			buildPhases = (
				731E08DA1D51999A0061A21F /* Sources */,
				731E08DB1D51999A0061A21F /* Frameworks */,
				731E08DC1D51999A0061A21F /* Resources */,
			);
			buildRules = (
			);
			dependencies = (
				731E08E01D51999A0061A21F /* PBXTargetDependency */,
			);
			name = "自定义转场动画UITests";
			productName = "自定义转场动画UITests";
			productReference = 731E08DE1D51999A0061A21F /* 自定义转场动画UITests.xctest */;
			productType = "com.apple.product-type.bundle.ui-testing";
		};
/* End PBXNativeTarget section */

/* Begin PBXProject section */
		731E08B21D51999A0061A21F /* Project object */ = {
			isa = PBXProject;
			attributes = {
				LastUpgradeCheck = 0800;
				ORGANIZATIONNAME = "刘全水";
				TargetAttributes = {
					731E08B91D51999A0061A21F = {
						CreatedOnToolsVersion = 8.0;
						DevelopmentTeam = 5HV87G6KG6;
						DevelopmentTeamName = "Ke Xu";
						ProvisioningStyle = Automatic;
					};
					731E08D21D51999A0061A21F = {
						CreatedOnToolsVersion = 8.0;
						DevelopmentTeam = 5HV87G6KG6;
						DevelopmentTeamName = "Ke Xu";
						ProvisioningStyle = Automatic;
						TestTargetID = 731E08B91D51999A0061A21F;
					};
					731E08DD1D51999A0061A21F = {
						CreatedOnToolsVersion = 8.0;
						DevelopmentTeam = 5HV87G6KG6;
						DevelopmentTeamName = "Ke Xu";
						ProvisioningStyle = Automatic;
						TestTargetID = 731E08B91D51999A0061A21F;
					};
				};
			};
			buildConfigurationList = 731E08B51D51999A0061A21F /* Build configuration list for PBXProject "自定义转场动画" */;
			compatibilityVersion = "Xcode 3.2";
			developmentRegion = English;
			hasScannedForEncodings = 0;
			knownRegions = (
				en,
				Base,
			);
			mainGroup = 731E08B11D51999A0061A21F;
			productRefGroup = 731E08BB1D51999A0061A21F /* Products */;
			projectDirPath = "";
			projectRoot = "";
			targets = (
				731E08B91D51999A0061A21F /* 自定义转场动画 */,
				731E08D21D51999A0061A21F /* 自定义转场动画Tests */,
				731E08DD1D51999A0061A21F /* 自定义转场动画UITests */,
			);
		};
/* End PBXProject section */

/* Begin PBXResourcesBuildPhase section */
		731E08B81D51999A0061A21F /* Resources */ = {
			isa = PBXResourcesBuildPhase;
			buildActionMask = 2147483647;
			files = (
				731E09031D51C8570061A21F /* 8.JPG in Resources */,
				731E09051D51C85F0061A21F /* 4.JPG in Resources */,
				731E08CD1D51999A0061A21F /* LaunchScreen.storyboard in Resources */,
				731E08CA1D51999A0061A21F /* Assets.xcassets in Resources */,
				731E08C81D51999A0061A21F /* Main.storyboard in Resources */,
			);
			runOnlyForDeploymentPostprocessing = 0;
		};
		731E08D11D51999A0061A21F /* Resources */ = {
			isa = PBXResourcesBuildPhase;
			buildActionMask = 2147483647;
			files = (
			);
			runOnlyForDeploymentPostprocessing = 0;
		};
		731E08DC1D51999A0061A21F /* Resources */ = {
			isa = PBXResourcesBuildPhase;
			buildActionMask = 2147483647;
			files = (
			);
			runOnlyForDeploymentPostprocessing = 0;
		};
/* End PBXResourcesBuildPhase section */

/* Begin PBXSourcesBuildPhase section */
		731E08B61D51999A0061A21F /* Sources */ = {
			isa = PBXSourcesBuildPhase;
			buildActionMask = 2147483647;
			files = (
				731E09011D51C6030061A21F /* LiuqsAnimationPopTransition.m in Sources */,
				731E08C51D51999A0061A21F /* ViewController.m in Sources */,
				731E08C21D51999A0061A21F /* AppDelegate.m in Sources */,
				731E08FE1D51BDD60061A21F /* LiuqsAnimationTransition.m in Sources */,
				731E08F21D5199C60061A21F /* pushViewController.m in Sources */,
				731E08BF1D51999A0061A21F /* main.m in Sources */,
			);
			runOnlyForDeploymentPostprocessing = 0;
		};
		731E08CF1D51999A0061A21F /* Sources */ = {
			isa = PBXSourcesBuildPhase;
			buildActionMask = 2147483647;
			files = (
				731E08D81D51999A0061A21F /* _______Tests.m in Sources */,
			);
			runOnlyForDeploymentPostprocessing = 0;
		};
		731E08DA1D51999A0061A21F /* Sources */ = {
			isa = PBXSourcesBuildPhase;
			buildActionMask = 2147483647;
			files = (
				731E08E31D51999A0061A21F /* _______UITests.m in Sources */,
			);
			runOnlyForDeploymentPostprocessing = 0;
		};
/* End PBXSourcesBuildPhase section */

/* Begin PBXTargetDependency section */
		731E08D51D51999A0061A21F /* PBXTargetDependency */ = {
			isa = PBXTargetDependency;
			target = 731E08B91D51999A0061A21F /* 自定义转场动画 */;
			targetProxy = 731E08D41D51999A0061A21F /* PBXContainerItemProxy */;
		};
		731E08E01D51999A0061A21F /* PBXTargetDependency */ = {
			isa = PBXTargetDependency;
			target = 731E08B91D51999A0061A21F /* 自定义转场动画 */;
			targetProxy = 731E08DF1D51999A0061A21F /* PBXContainerItemProxy */;
		};
/* End PBXTargetDependency section */

/* Begin PBXVariantGroup section */
		731E08C61D51999A0061A21F /* Main.storyboard */ = {
			isa = PBXVariantGroup;
			children = (
				731E08C71D51999A0061A21F /* Base */,
			);
			name = Main.storyboard;
			sourceTree = "<group>";
		};
		731E08CB1D51999A0061A21F /* LaunchScreen.storyboard */ = {
			isa = PBXVariantGroup;
			children = (
				731E08CC1D51999A0061A21F /* Base */,
			);
			name = LaunchScreen.storyboard;
			sourceTree = "<group>";
		};
/* End PBXVariantGroup section */

/* Begin XCBuildConfiguration section */
		731E08E51D51999A0061A21F /* Debug */ = {
			isa = XCBuildConfiguration;
			buildSettings = {
				ALWAYS_SEARCH_USER_PATHS = NO;
				CLANG_ANALYZER_NONNULL = YES;
				CLANG_CXX_LANGUAGE_STANDARD = "gnu++0x";
				CLANG_CXX_LIBRARY = "libc++";
				CLANG_ENABLE_MODULES = YES;
				CLANG_ENABLE_OBJC_ARC = YES;
				CLANG_WARN_BOOL_CONVERSION = YES;
				CLANG_WARN_CONSTANT_CONVERSION = YES;
				CLANG_WARN_DIRECT_OBJC_ISA_USAGE = YES_ERROR;
				CLANG_WARN_DOCUMENTATION_COMMENTS = YES;
				CLANG_WARN_EMPTY_BODY = YES;
				CLANG_WARN_ENUM_CONVERSION = YES;
				CLANG_WARN_INT_CONVERSION = YES;
				CLANG_WARN_OBJC_ROOT_CLASS = YES_ERROR;
				CLANG_WARN_UNREACHABLE_CODE = YES;
				CLANG_WARN__DUPLICATE_METHOD_MATCH = YES;
				"CODE_SIGN_IDENTITY[sdk=iphoneos*]" = "iPhone Developer";
				COPY_PHASE_STRIP = NO;
				DEBUG_INFORMATION_FORMAT = dwarf;
				ENABLE_STRICT_OBJC_MSGSEND = YES;
				ENABLE_TESTABILITY = YES;
				GCC_C_LANGUAGE_STANDARD = gnu99;
				GCC_DYNAMIC_NO_PIC = NO;
				GCC_NO_COMMON_BLOCKS = YES;
				GCC_OPTIMIZATION_LEVEL = 0;
				GCC_PREPROCESSOR_DEFINITIONS = (
					"DEBUG=1",
					"$(inherited)",
				);
				GCC_WARN_64_TO_32_BIT_CONVERSION = YES;
				GCC_WARN_ABOUT_RETURN_TYPE = YES_ERROR;
				GCC_WARN_UNDECLARED_SELECTOR = YES;
				GCC_WARN_UNINITIALIZED_AUTOS = YES_AGGRESSIVE;
				GCC_WARN_UNUSED_FUNCTION = YES;
				GCC_WARN_UNUSED_VARIABLE = YES;
				IPHONEOS_DEPLOYMENT_TARGET = 10.0;
				MTL_ENABLE_DEBUG_INFO = YES;
				ONLY_ACTIVE_ARCH = YES;
				SDKROOT = iphoneos;
				TARGETED_DEVICE_FAMILY = "1,2";
			};
			name = Debug;
		};
		731E08E61D51999A0061A21F /* Release */ = {
			isa = XCBuildConfiguration;
			buildSettings = {
				ALWAYS_SEARCH_USER_PATHS = NO;
				CLANG_ANALYZER_NONNULL = YES;
				CLANG_CXX_LANGUAGE_STANDARD = "gnu++0x";
				CLANG_CXX_LIBRARY = "libc++";
				CLANG_ENABLE_MODULES = YES;
				CLANG_ENABLE_OBJC_ARC = YES;
				CLANG_WARN_BOOL_CONVERSION = YES;
				CLANG_WARN_CONSTANT_CONVERSION = YES;
				CLANG_WARN_DIRECT_OBJC_ISA_USAGE = YES_ERROR;
				CLANG_WARN_DOCUMENTATION_COMMENTS = YES;
				CLANG_WARN_EMPTY_BODY = YES;
				CLANG_WARN_ENUM_CONVERSION = YES;
				CLANG_WARN_INT_CONVERSION = YES;
				CLANG_WARN_OBJC_ROOT_CLASS = YES_ERROR;
				CLANG_WARN_UNREACHABLE_CODE = YES;
				CLANG_WARN__DUPLICATE_METHOD_MATCH = YES;
				"CODE_SIGN_IDENTITY[sdk=iphoneos*]" = "iPhone Developer";
				COPY_PHASE_STRIP = NO;
				DEBUG_INFORMATION_FORMAT = "dwarf-with-dsym";
				ENABLE_NS_ASSERTIONS = NO;
				ENABLE_STRICT_OBJC_MSGSEND = YES;
				GCC_C_LANGUAGE_STANDARD = gnu99;
				GCC_NO_COMMON_BLOCKS = YES;
				GCC_WARN_64_TO_32_BIT_CONVERSION = YES;
				GCC_WARN_ABOUT_RETURN_TYPE = YES_ERROR;
				GCC_WARN_UNDECLARED_SELECTOR = YES;
				GCC_WARN_UNINITIALIZED_AUTOS = YES_AGGRESSIVE;
				GCC_WARN_UNUSED_FUNCTION = YES;
				GCC_WARN_UNUSED_VARIABLE = YES;
				IPHONEOS_DEPLOYMENT_TARGET = 10.0;
				MTL_ENABLE_DEBUG_INFO = NO;
				SDKROOT = iphoneos;
				TARGETED_DEVICE_FAMILY = "1,2";
				VALIDATE_PRODUCT = YES;
			};
			name = Release;
		};
		731E08E81D51999A0061A21F /* Debug */ = {
			isa = XCBuildConfiguration;
			buildSettings = {
				ASSETCATALOG_COMPILER_APPICON_NAME = AppIcon;
				INFOPLIST_FILE = "自定义转场动画/Info.plist";
				IPHONEOS_DEPLOYMENT_TARGET = 8.0;
				LD_RUNPATH_SEARCH_PATHS = "$(inherited) @executable_path/Frameworks";
				PRODUCT_BUNDLE_IDENTIFIER = "quanshui.cn.-------";
				PRODUCT_NAME = "$(TARGET_NAME)";
			};
			name = Debug;
		};
		731E08E91D51999A0061A21F /* Release */ = {
			isa = XCBuildConfiguration;
			buildSettings = {
				ASSETCATALOG_COMPILER_APPICON_NAME = AppIcon;
				INFOPLIST_FILE = "自定义转场动画/Info.plist";
				IPHONEOS_DEPLOYMENT_TARGET = 8.0;
				LD_RUNPATH_SEARCH_PATHS = "$(inherited) @executable_path/Frameworks";
				PRODUCT_BUNDLE_IDENTIFIER = "quanshui.cn.-------";
				PRODUCT_NAME = "$(TARGET_NAME)";
			};
			name = Release;
		};
		731E08EB1D51999A0061A21F /* Debug */ = {
			isa = XCBuildConfiguration;
			buildSettings = {
				BUNDLE_LOADER = "$(TEST_HOST)";
				INFOPLIST_FILE = "自定义转场动画Tests/Info.plist";
				LD_RUNPATH_SEARCH_PATHS = "$(inherited) @executable_path/Frameworks @loader_path/Frameworks";
				PRODUCT_BUNDLE_IDENTIFIER = "quanshui.cn.-------Tests";
				PRODUCT_NAME = "$(TARGET_NAME)";
				TEST_HOST = "$(BUILT_PRODUCTS_DIR)/自定义转场动画.app/自定义转场动画";
			};
			name = Debug;
		};
		731E08EC1D51999A0061A21F /* Release */ = {
			isa = XCBuildConfiguration;
			buildSettings = {
				BUNDLE_LOADER = "$(TEST_HOST)";
				INFOPLIST_FILE = "自定义转场动画Tests/Info.plist";
				LD_RUNPATH_SEARCH_PATHS = "$(inherited) @executable_path/Frameworks @loader_path/Frameworks";
				PRODUCT_BUNDLE_IDENTIFIER = "quanshui.cn.-------Tests";
				PRODUCT_NAME = "$(TARGET_NAME)";
				TEST_HOST = "$(BUILT_PRODUCTS_DIR)/自定义转场动画.app/自定义转场动画";
			};
			name = Release;
		};
		731E08EE1D51999A0061A21F /* Debug */ = {
			isa = XCBuildConfiguration;
			buildSettings = {
				INFOPLIST_FILE = "自定义转场动画UITests/Info.plist";
				LD_RUNPATH_SEARCH_PATHS = "$(inherited) @executable_path/Frameworks @loader_path/Frameworks";
				PRODUCT_BUNDLE_IDENTIFIER = "quanshui.cn.-------UITests";
				PRODUCT_NAME = "$(TARGET_NAME)";
				TEST_TARGET_NAME = "自定义转场动画";
			};
			name = Debug;
		};
		731E08EF1D51999A0061A21F /* Release */ = {
			isa = XCBuildConfiguration;
			buildSettings = {
				INFOPLIST_FILE = "自定义转场动画UITests/Info.plist";
				LD_RUNPATH_SEARCH_PATHS = "$(inherited) @executable_path/Frameworks @loader_path/Frameworks";
				PRODUCT_BUNDLE_IDENTIFIER = "quanshui.cn.-------UITests";
				PRODUCT_NAME = "$(TARGET_NAME)";
				TEST_TARGET_NAME = "自定义转场动画";
			};
			name = Release;
		};
/* End XCBuildConfiguration section */

/* Begin XCConfigurationList section */
		731E08B51D51999A0061A21F /* Build configuration list for PBXProject "自定义转场动画" */ = {
			isa = XCConfigurationList;
			buildConfigurations = (
				731E08E51D51999A0061A21F /* Debug */,
				731E08E61D51999A0061A21F /* Release */,
			);
			defaultConfigurationIsVisible = 0;
			defaultConfigurationName = Release;
		};
		731E08E71D51999A0061A21F /* Build configuration list for PBXNativeTarget "自定义转场动画" */ = {
			isa = XCConfigurationList;
			buildConfigurations = (
				731E08E81D51999A0061A21F /* Debug */,
				731E08E91D51999A0061A21F /* Release */,
			);
			defaultConfigurationIsVisible = 0;
			defaultConfigurationName = Release;
		};
		731E08EA1D51999A0061A21F /* Build configuration list for PBXNativeTarget "自定义转场动画Tests" */ = {
			isa = XCConfigurationList;
			buildConfigurations = (
				731E08EB1D51999A0061A21F /* Debug */,
				731E08EC1D51999A0061A21F /* Release */,
			);
			defaultConfigurationIsVisible = 0;
			defaultConfigurationName = Release;
		};
		731E08ED1D51999A0061A21F /* Build configuration list for PBXNativeTarget "自定义转场动画UITests" */ = {
			isa = XCConfigurationList;
			buildConfigurations = (
				731E08EE1D51999A0061A21F /* Debug */,
				731E08EF1D51999A0061A21F /* Release */,
			);
			defaultConfigurationIsVisible = 0;
			defaultConfigurationName = Release;
		};
/* End XCConfigurationList section */
	};
	rootObject = 731E08B21D51999A0061A21F /* Project object */;
}
